// !$*UTF8*$!
{
	archiveVersion = 1;
	classes = {
	};
	objectVersion = 46;
	objects = {

/* Begin PBXBuildFile section */
		CD6765382107896D00C8C7BA /* AppDelegate.swift in Sources */ = {isa = PBXBuildFile; fileRef = CD6765372107896D00C8C7BA /* AppDelegate.swift */; };
		CD67653A2107896D00C8C7BA /* ViewController.swift in Sources */ = {isa = PBXBuildFile; fileRef = CD6765392107896D00C8C7BA /* ViewController.swift */; };
		CD67653D2107896E00C8C7BA /* Main.storyboard in Resources */ = {isa = PBXBuildFile; fileRef = CD67653B2107896E00C8C7BA /* Main.storyboard */; };
		CD67653F2107896E00C8C7BA /* Assets.xcassets in Resources */ = {isa = PBXBuildFile; fileRef = CD67653E2107896E00C8C7BA /* Assets.xcassets */; };
		CD6765422107896E00C8C7BA /* LaunchScreen.storyboard in Resources */ = {isa = PBXBuildFile; fileRef = CD6765402107896E00C8C7BA /* LaunchScreen.storyboard */; };
/* End PBXBuildFile section */

/* Begin PBXFileReference section */
		CD6765342107896D00C8C7BA /* TT.app */ = {isa = PBXFileReference; explicitFileType = wrapper.application; includeInIndex = 0; path = TT.app; sourceTree = BUILT_PRODUCTS_DIR; };
		CD6765372107896D00C8C7BA /* AppDelegate.swift */ = {isa = PBXFileReference; lastKnownFileType = sourcecode.swift; path = AppDelegate.swift; sourceTree = "<group>"; };
		CD6765392107896D00C8C7BA /* ViewController.swift */ = {isa = PBXFileReference; lastKnownFileType = sourcecode.swift; path = ViewController.swift; sourceTree = "<group>"; };
		CD67653C2107896E00C8C7BA /* Base */ = {isa = PBXFileReference; lastKnownFileType = file.storyboard; name = Base; path = Base.lproj/Main.storyboard; sourceTree = "<group>"; };
		CD67653E2107896E00C8C7BA /* Assets.xcassets */ = {isa = PBXFileReference; lastKnownFileType = folder.assetcatalog; path = Assets.xcassets; sourceTree = "<group>"; };
		CD6765412107896E00C8C7BA /* Base */ = {isa = PBXFileReference; lastKnownFileType = file.storyboard; name = Base; path = Base.lproj/LaunchScreen.storyboard; sourceTree = "<group>"; };
		CD6765432107896E00C8C7BA /* Info.plist */ = {isa = PBXFileReference; lastKnownFileType = text.plist.xml; path = Info.plist; sourceTree = "<group>"; };
/* End PBXFileReference section */

/* Begin PBXFrameworksBuildPhase section */
		CD6765312107896D00C8C7BA /* Frameworks */ = {
			isa = PBXFrameworksBuildPhase;
			buildActionMask = 2147483647;
			files = (
			);
			runOnlyForDeploymentPostprocessing = 0;
		};
/* End PBXFrameworksBuildPhase section */

/* Begin PBXGroup section */
		CD67652B2107896D00C8C7BA = {
			isa = PBXGroup;
			children = (
				CD6765362107896D00C8C7BA /* TT */,
				CD6765352107896D00C8C7BA /* Products */,
			);
			sourceTree = "<group>";
		};
		CD6765352107896D00C8C7BA /* Products */ = {
			isa = PBXGroup;
			children = (
				CD6765342107896D00C8C7BA /* TT.app */,
			);
			name = Products;
			sourceTree = "<group>";
		};
		CD6765362107896D00C8C7BA /* TT */ = {
			isa = PBXGroup;
			children = (
				CD6765372107896D00C8C7BA /* AppDelegate.swift */,
				CD6765392107896D00C8C7BA /* ViewController.swift */,
				CD67653B2107896E00C8C7BA /* Main.storyboard */,
				CD67653E2107896E00C8C7BA /* Assets.xcassets */,
				CD6765402107896E00C8C7BA /* LaunchScreen.storyboard */,
				CD6765432107896E00C8C7BA /* Info.plist */,
			);
			path = TT;
			sourceTree = "<group>";
		};
/* End PBXGroup section */

/* Begin PBXNativeTarget section */
		CD6765332107896D00C8C7BA /* TT */ = {
			isa = PBXNativeTarget;
			buildConfigurationList = CD6765462107896E00C8C7BA /* Build configuration list for PBXNativeTarget "TT" */;
			buildPhases = (
				CD6765302107896D00C8C7BA /* Sources */,
				CD6765312107896D00C8C7BA /* Frameworks */,
				CD6765322107896D00C8C7BA /* Resources */,
			);
			buildRules = (
			);
			dependencies = (
			);
			name = TT;
			productName = TT;
			productReference = CD6765342107896D00C8C7BA /* TT.app */;
			productType = "com.apple.product-type.application";
		};
/* End PBXNativeTarget section */

/* Begin PBXProject section */
		CD67652C2107896D00C8C7BA /* Project object */ = {
			isa = PBXProject;
			attributes = {
				LastSwiftUpdateCheck = 0830;
				LastUpgradeCheck = 0830;
				ORGANIZATIONNAME = Bang;
				TargetAttributes = {
					CD6765332107896D00C8C7BA = {
						CreatedOnToolsVersion = 8.3.3;
						DevelopmentTeam = GVV5727X24;
						ProvisioningStyle = Automatic;
					};
				};
			};
			buildConfigurationList = CD67652F2107896D00C8C7BA /* Build configuration list for PBXProject "TT" */;
			compatibilityVersion = "Xcode 3.2";
			developmentRegion = English;
			hasScannedForEncodings = 0;
			knownRegions = (
				en,
				Base,
			);
			mainGroup = CD67652B2107896D00C8C7BA;
			productRefGroup = CD6765352107896D00C8C7BA /* Products */;
			projectDirPath = "";
			projectRoot = "";
			targets = (
				CD6765332107896D00C8C7BA /* TT */,
			);
		};
/* End PBXProject section */

/* Begin PBXResourcesBuildPhase section */
		CD6765322107896D00C8C7BA /* Resources */ = {
			isa = PBXResourcesBuildPhase;
			buildActionMask = 2147483647;
			files = (
				CD6765422107896E00C8C7BA /* LaunchScreen.storyboard in Resources */,
				CD67653F2107896E00C8C7BA /* Assets.xcassets in Resources */,
				CD67653D2107896E00C8C7BA /* Main.storyboard in Resources */,
			);
			runOnlyForDeploymentPostprocessing = 0;
		};
/* End PBXResourcesBuildPhase section */

/* Begin PBXSourcesBuildPhase section */
		CD6765302107896D00C8C7BA /* Sources */ = {
			isa = PBXSourcesBuildPhase;
			buildActionMask = 2147483647;
			files = (
				CD67653A2107896D00C8C7BA /* ViewController.swift in Sources */,
				CD6765382107896D00C8C7BA /* AppDelegate.swift in Sources */,
			);
			runOnlyForDeploymentPostprocessing = 0;
		};
/* End PBXSourcesBuildPhase section */

/* Begin PBXVariantGroup section */
		CD67653B2107896E00C8C7BA /* Main.storyboard */ = {
			isa = PBXVariantGroup;
			children = (
				CD67653C2107896E00C8C7BA /* Base */,
			);
			name = Main.storyboard;
			sourceTree = "<group>";
		};
		CD6765402107896E00C8C7BA /* LaunchScreen.storyboard */ = {
			isa = PBXVariantGroup;
			children = (
				CD6765412107896E00C8C7BA /* Base */,
			);
			name = LaunchScreen.storyboard;
			sourceTree = "<group>";
		};
/* End PBXVariantGroup section */

/* Begin XCBuildConfiguration section */
		CD6765442107896E00C8C7BA /* Debug */ = {
			isa = XCBuildConfiguration;
			buildSettings = {
				ALWAYS_SEARCH_USER_PATHS = NO;
				CLANG_ANALYZER_NONNULL = YES;
				CLANG_ANALYZER_NUMBER_OBJECT_CONVERSION = YES_AGGRESSIVE;
				CLANG_CXX_LANGUAGE_STANDARD = "gnu++0x";
				CLANG_CXX_LIBRARY = "libc++";
				CLANG_ENABLE_MODULES = YES;
				CLANG_ENABLE_OBJC_ARC = YES;
				CLANG_WARN_BOOL_CONVERSION = YES;
				CLANG_WARN_CONSTANT_CONVERSION = YES;
				CLANG_WARN_DIRECT_OBJC_ISA_USAGE = YES_ERROR;
				CLANG_WARN_DOCUMENTATION_COMMENTS = YES;
				CLANG_WARN_EMPTY_BODY = YES;
				CLANG_WARN_ENUM_CONVERSION = YES;
				CLANG_WARN_INFINITE_RECURSION = YES;
				CLANG_WARN_INT_CONVERSION = YES;
				CLANG_WARN_OBJC_ROOT_CLASS = YES_ERROR;
				CLANG_WARN_SUSPICIOUS_MOVE = YES;
				CLANG_WARN_UNREACHABLE_CODE = YES;
				CLANG_WARN__DUPLICATE_METHOD_MATCH = YES;
				"CODE_SIGN_IDENTITY[sdk=iphoneos*]" = "iPhone Developer";
				COPY_PHASE_STRIP = NO;
				DEBUG_INFORMATION_FORMAT = dwarf;
				ENABLE_STRICT_OBJC_MSGSEND = YES;
				ENABLE_TESTABILITY = YES;
				GCC_C_LANGUAGE_STANDARD = gnu99;
				GCC_DYNAMIC_NO_PIC = NO;
				GCC_NO_COMMON_BLOCKS = YES;
				GCC_OPTIMIZATION_LEVEL = 0;
				GCC_PREPROCESSOR_DEFINITIONS = (
					"DEBUG=1",
					"$(inherited)",
				);
				GCC_WARN_64_TO_32_BIT_CONVERSION = YES;
				GCC_WARN_ABOUT_RETURN_TYPE = YES_ERROR;
				GCC_WARN_UNDECLARED_SELECTOR = YES;
				GCC_WARN_UNINITIALIZED_AUTOS = YES_AGGRESSIVE;
				GCC_WARN_UNUSED_FUNCTION = YES;
				GCC_WARN_UNUSED_VARIABLE = YES;
				IPHONEOS_DEPLOYMENT_TARGET = 10.3;
				MTL_ENABLE_DEBUG_INFO = YES;
				ONLY_ACTIVE_ARCH = YES;
				SDKROOT = iphoneos;
				SWIFT_ACTIVE_COMPILATION_CONDITIONS = DEBUG;
				SWIFT_OPTIMIZATION_LEVEL = "-Onone";
				TARGETED_DEVICE_FAMILY = "1,2";
			};
			name = Debug;
		};
		CD6765452107896E00C8C7BA /* Release */ = {
			isa = XCBuildConfiguration;
			buildSettings = {
				ALWAYS_SEARCH_USER_PATHS = NO;
				CLANG_ANALYZER_NONNULL = YES;
				CLANG_ANALYZER_NUMBER_OBJECT_CONVERSION = YES_AGGRESSIVE;
				CLANG_CXX_LANGUAGE_STANDARD = "gnu++0x";
				CLANG_CXX_LIBRARY = "libc++";
				CLANG_ENABLE_MODULES = YES;
				CLANG_ENABLE_OBJC_ARC = YES;
				CLANG_WARN_BOOL_CONVERSION = YES;
				CLANG_WARN_CONSTANT_CONVERSION = YES;
				CLANG_WARN_DIRECT_OBJC_ISA_USAGE = YES_ERROR;
				CLANG_WARN_DOCUMENTATION_COMMENTS = YES;
				CLANG_WARN_EMPTY_BODY = YES;
				CLANG_WARN_ENUM_CONVERSION = YES;
				CLANG_WARN_INFINITE_RECURSION = YES;
				CLANG_WARN_INT_CONVERSION = YES;
				CLANG_WARN_OBJC_ROOT_CLASS = YES_ERROR;
				CLANG_WARN_SUSPICIOUS_MOVE = YES;
				CLANG_WARN_UNREACHABLE_CODE = YES;
				CLANG_WARN__DUPLICATE_METHOD_MATCH = YES;
				"CODE_SIGN_IDENTITY[sdk=iphoneos*]" = "iPhone Developer";
				COPY_PHASE_STRIP = NO;
				DEBUG_INFORMATION_FORMAT = "dwarf-with-dsym";
				ENABLE_NS_ASSERTIONS = NO;
				ENABLE_STRICT_OBJC_MSGSEND = YES;
				GCC_C_LANGUAGE_STANDARD = gnu99;
				GCC_NO_COMMON_BLOCKS = YES;
				GCC_WARN_64_TO_32_BIT_CONVERSION = YES;
				GCC_WARN_ABOUT_RETURN_TYPE = YES_ERROR;
				GCC_WARN_UNDECLARED_SELECTOR = YES;
				GCC_WARN_UNINITIALIZED_AUTOS = YES_AGGRESSIVE;
				GCC_WARN_UNUSED_FUNCTION = YES;
				GCC_WARN_UNUSED_VARIABLE = YES;
				IPHONEOS_DEPLOYMENT_TARGET = 10.3;
				MTL_ENABLE_DEBUG_INFO = NO;
				SDKROOT = iphoneos;
				SWIFT_OPTIMIZATION_LEVEL = "-Owholemodule";
				TARGETED_DEVICE_FAMILY = "1,2";
				VALIDATE_PRODUCT = YES;
			};
			name = Release;
		};
		CD6765472107896E00C8C7BA /* Debug */ = {
			isa = XCBuildConfiguration;
			buildSettings = {
				ASSETCATALOG_COMPILER_APPICON_NAME = AppIcon;
				DEVELOPMENT_TEAM = GVV5727X24;
				INFOPLIST_FILE = TT/Info.plist;
				LD_RUNPATH_SEARCH_PATHS = "$(inherited) @executable_path/Frameworks";
				PRODUCT_BUNDLE_IDENTIFIER = Bang.TT;
				PRODUCT_NAME = "$(TARGET_NAME)";
				SWIFT_VERSION = 3.0;
			};
			name = Debug;
		};
		CD6765482107896E00C8C7BA /* Release */ = {
			isa = XCBuildConfiguration;
			buildSettings = {
				ASSETCATALOG_COMPILER_APPICON_NAME = AppIcon;
				DEVELOPMENT_TEAM = GVV5727X24;
				INFOPLIST_FILE = TT/Info.plist;
				LD_RUNPATH_SEARCH_PATHS = "$(inherited) @executable_path/Frameworks";
				PRODUCT_BUNDLE_IDENTIFIER = Bang.TT;
				PRODUCT_NAME = "$(TARGET_NAME)";
				SWIFT_VERSION = 3.0;
			};
			name = Release;
		};
/* End XCBuildConfiguration section */

/* Begin XCConfigurationList section */
		CD67652F2107896D00C8C7BA /* Build configuration list for PBXProject "TT" */ = {
			isa = XCConfigurationList;
			buildConfigurations = (
				CD6765442107896E00C8C7BA /* Debug */,
				CD6765452107896E00C8C7BA /* Release */,
			);
			defaultConfigurationIsVisible = 0;
			defaultConfigurationName = Release;
		};
		CD6765462107896E00C8C7BA /* Build configuration list for PBXNativeTarget "TT" */ = {
			isa = XCConfigurationList;
			buildConfigurations = (
				CD6765472107896E00C8C7BA /* Debug */,
				CD6765482107896E00C8C7BA /* Release */,
			);
			defaultConfigurationIsVisible = 0;
		};
/* End XCConfigurationList section */
	};
	rootObject = CD67652C2107896D00C8C7BA /* Project object */;
}
